{
    "_readme": [
        "This file locks the dependencies of your project to a known state",
        "Read more about it at https://getcomposer.org/doc/01-basic-usage.md#composer-lock-the-lock-file",
        "This file is @generated automatically"
    ],
    "hash": "3ade0816886525bab18924c5e4ceb9a9",
    "content-hash": "7e9380673f6c3121c14952d728c7918c",
    "packages": [
        {
            "name": "shark/simple_html_dom",
            "version": "dev-master",
            "source": {
                "type": "git",
                "url": "https://github.com/samacs/simple_html_dom.git",
                "reference": "842b3fc1f9f0c70b8c1b2e93fc451834c42e384d"
            },
            "dist": {
                "type": "zip",
                "url": "https://api.github.com/repos/samacs/simple_html_dom/zipball/842b3fc1f9f0c70b8c1b2e93fc451834c42e384d",
                "reference": "842b3fc1f9f0c70b8c1b2e93fc451834c42e384d",
                "shasum": ""
            },
            "require": {
                "ext-mbstring": "*",
                "php": ">=5.2.4"
            },
            "type": "library",
            "autoload": {
                "classmap": [
                    "simple_html_dom.php"
                ],
                "files": [
                    "simple_html_dom.php"
                ]
            },
            "notification-url": "https://packagist.org/downloads/",
            "authors": [
                {
                    "name": "S.C. Chen",
                    "email": "me578022@gmail.com",
                    "homepage": "http://simplehtmldom.sourceforge.net/"
                }
            ],
            "description": "Simple HTML DOM package.",
            "homepage": "http://simplehtmldom.sourceforge.net/",
            "keywords": [
                "dom",
                "php dom"
            ],
            "time": "2014-10-17 00:16:28"
        },
        {
            "name": "swiftmailer/swiftmailer",
            "version": "v5.4.2",
            "source": {
                "type": "git",
                "url": "https://github.com/swiftmailer/swiftmailer.git",
                "reference": "d8db871a54619458a805229a057ea2af33c753e8"
            },
            "dist": {
                "type": "zip",
                "url": "https://api.github.com/repos/swiftmailer/swiftmailer/zipball/d8db871a54619458a805229a057ea2af33c753e8",
                "reference": "d8db871a54619458a805229a057ea2af33c753e8",
                "shasum": ""
            },
            "require": {
                "php": ">=5.3.3"
            },
            "require-dev": {
                "mockery/mockery": "~0.9.1,<0.9.4"
            },
            "type": "library",
            "extra": {
                "branch-alias": {
                    "dev-master": "5.4-dev"
                }
            },
            "autoload": {
                "files": [
                    "lib/swift_required.php"
                ]
            },
            "notification-url": "https://packagist.org/downloads/",
            "license": [
                "MIT"
            ],
            "authors": [
                {
                    "name": "Chris Corbyn"
                },
                {
                    "name": "Fabien Potencier",
                    "email": "fabien@symfony.com"
                }
            ],
            "description": "Swiftmailer, free feature-rich PHP mailer",
            "homepage": "http://swiftmailer.org",
            "keywords": [
                "email",
                "mail",
                "mailer"
            ],
            "time": "2016-05-01 08:45:47"
        }
    ],
    "packages-dev": [],
    "aliases": [],
    "minimum-stability": "stable",
    "stability-flags": {
        "shark/simple_html_dom": 20
    },
    "prefer-stable": false,
    "prefer-lowest": false,
    "platform": [],
    "platform-dev": []
}
